lockfileVersion: '9.0'

settings:
  autoInstallPeers: true
  excludeLinksFromLockfile: false

importers:

  .:
    dependencies:
      '@iainfox/jsgame':
        specifier: ^1.0.0
        version: 1.0.0

packages:

  '@iainfox/jsgame@1.0.0':
    resolution: {integrity: sha512-FXEvRya1biJdawFA3nMgJLFaUr5KgxP738zKn5DGWEYF5u/PmHZRZiO+qjyffphHcdfQkOxYtcHV5aSfE9cRlw==}

snapshots:

  '@iainfox/jsgame@1.0.0': {}
